# This file is automatically @generated by Cargo.
# It is not intended for manual editing.
version = 4

[[package]]
name = "cairn-crypto"
version = "0.0.1"

[[package]]
name = "cairn-db"
version = "0.0.1"

[[package]]
name = "cairn-domain"
version = "0.0.1"

[[package]]
name = "cairn-platform"
version = "0.0.1"

[[package]]
name = "cairn-sync"
version = "0.0.1"
